
Microsoft Visual Studio Solution File, Format Version 12.00
Project("{FAE04EC0-301F-11D3-BF4B-00C04F79EFBC}") = "SecondExample", "SecondExample\SecondExample.csproj", "{386D0075-009E-4AF0-B597-E45307062028}"
EndProject
Global
	GlobalSection(SolutionConfigurationPlatforms) = preSolution
		Debug|Any CPU = Debug|Any CPU
		Release|Any CPU = Release|Any CPU
	EndGlobalSection
	GlobalSection(ProjectConfigurationPlatforms) = postSolution
		{386D0075-009E-4AF0-B597-E45307062028}.Debug|Any CPU.ActiveCfg = Debug|Any CPU
		{386D0075-009E-4AF0-B597-E45307062028}.Debug|Any CPU.Build.0 = Debug|Any CPU
		{386D0075-009E-4AF0-B597-E45307062028}.Release|Any CPU.ActiveCfg = Release|Any CPU
		{386D0075-009E-4AF0-B597-E45307062028}.Release|Any CPU.Build.0 = Release|Any CPU
	EndGlobalSection
EndGlobal
